{
    "version": 3,
    "terraform_version": "0.11.13",
    "serial": 8,
    "lineage": "befeda68-53d5-74f0-af77-1142072abf43",
    "modules": [
        {
            "path": [
                "root"
            ],
            "outputs": {},
            "resources": {
                "aws_ecs_cluster.cluster": {
                    "type": "aws_ecs_cluster",
                    "depends_on": [
                        "local.prefix"
                    ],
                    "primary": {
                        "id": "arn:aws:ecs:ap-northeast-1:311178267809:cluster/dev-ecs-cluster",
                        "attributes": {
                            "arn": "arn:aws:ecs:ap-northeast-1:311178267809:cluster/dev-ecs-cluster",
                            "id": "arn:aws:ecs:ap-northeast-1:311178267809:cluster/dev-ecs-cluster",
                            "name": "dev-ecs-cluster",
                            "tags.%": "0"
                        },
                        "meta": {},
                        "tainted": false
                    },
                    "deposed": [],
                    "provider": "provider.aws"
                },
                "aws_ecs_service.service": {
                    "type": "aws_ecs_service",
                    "depends_on": [
                        "aws_ecs_cluster.cluster",
                        "aws_ecs_task_definition.task",
                        "aws_subnet.public_subnet_1",
                        "aws_subnet.public_subnet_2",
                        "local.prefix"
                    ],
                    "primary": {
                        "id": "arn:aws:ecs:ap-northeast-1:311178267809:service/dev-ecs-service",
                        "attributes": {
                            "cluster": "arn:aws:ecs:ap-northeast-1:311178267809:cluster/dev-ecs-cluster",
                            "deployment_controller.#": "1",
                            "deployment_controller.0.type": "ECS",
                            "deployment_maximum_percent": "200",
                            "deployment_minimum_healthy_percent": "100",
                            "desired_count": "1",
                            "enable_ecs_managed_tags": "false",
                            "health_check_grace_period_seconds": "0",
                            "iam_role": "aws-service-role",
                            "id": "arn:aws:ecs:ap-northeast-1:311178267809:service/dev-ecs-service",
                            "launch_type": "FARGATE",
                            "load_balancer.#": "0",
                            "name": "dev-ecs-service",
                            "network_configuration.#": "1",
                            "network_configuration.0.assign_public_ip": "false",
                            "network_configuration.0.security_groups.#": "0",
                            "network_configuration.0.subnets.#": "2",
                            "network_configuration.0.subnets.1626117519": "subnet-0edefcdc9c8d4e20b",
                            "network_configuration.0.subnets.3741036891": "subnet-0e90dfc55dfb1272d",
                            "ordered_placement_strategy.#": "0",
                            "placement_constraints.#": "0",
                            "placement_strategy.#": "0",
                            "platform_version": "LATEST",
                            "propagate_tags": "NONE",
                            "scheduling_strategy": "REPLICA",
                            "service_registries.#": "0",
                            "tags.%": "0",
                            "task_definition": "arn:aws:ecs:ap-northeast-1:311178267809:task-definition/dev-ecs-task:6"
                        },
                        "meta": {},
                        "tainted": false
                    },
                    "deposed": [],
                    "provider": "provider.aws"
                },
                "aws_ecs_task_definition.task": {
                    "type": "aws_ecs_task_definition",
                    "depends_on": [
                        "local.prefix"
                    ],
                    "primary": {
                        "id": "dev-ecs-task",
                        "attributes": {
                            "arn": "arn:aws:ecs:ap-northeast-1:311178267809:task-definition/dev-ecs-task:6",
                            "container_definitions": "[{\"cpu\":0,\"environment\":[],\"essential\":true,\"image\":\"nginx:latest\",\"mountPoints\":[],\"name\":\"nginx\",\"portMappings\":[{\"containerPort\":80,\"hostPort\":80,\"protocol\":\"tcp\"}],\"volumesFrom\":[]}]",
                            "cpu": "256",
                            "execution_role_arn": "",
                            "family": "dev-ecs-task",
                            "id": "dev-ecs-task",
                            "memory": "512",
                            "network_mode": "awsvpc",
                            "placement_constraints.#": "0",
                            "requires_compatibilities.#": "1",
                            "requires_compatibilities.3072437307": "FARGATE",
                            "revision": "6",
                            "tags.%": "0",
                            "task_role_arn": "",
                            "volume.#": "0"
                        },
                        "meta": {
                            "schema_version": "1"
                        },
                        "tainted": false
                    },
                    "deposed": [],
                    "provider": "provider.aws"
                },
                "aws_subnet.public_subnet_1": {
                    "type": "aws_subnet",
                    "depends_on": [
                        "aws_vpc.vpc"
                    ],
                    "primary": {
                        "id": "subnet-0e90dfc55dfb1272d",
                        "attributes": {
                            "arn": "arn:aws:ec2:ap-northeast-1:311178267809:subnet/subnet-0e90dfc55dfb1272d",
                            "assign_ipv6_address_on_creation": "false",
                            "availability_zone": "ap-northeast-1d",
                            "availability_zone_id": "apne1-az2",
                            "cidr_block": "10.110.1.0/26",
                            "id": "subnet-0e90dfc55dfb1272d",
                            "ipv6_cidr_block": "",
                            "ipv6_cidr_block_association_id": "",
                            "map_public_ip_on_launch": "false",
                            "owner_id": "311178267809",
                            "tags.%": "1",
                            "tags.Name": "public-az1",
                            "vpc_id": "vpc-0ba71a3b80f4abb42"
                        },
                        "meta": {
                            "e2bfb730-ecaa-11e6-8f88-34363bc7c4c0": {
                                "create": 600000000000,
                                "delete": 600000000000
                            },
                            "schema_version": "1"
                        },
                        "tainted": false
                    },
                    "deposed": [],
                    "provider": "provider.aws"
                },
                "aws_subnet.public_subnet_2": {
                    "type": "aws_subnet",
                    "depends_on": [
                        "aws_vpc.vpc"
                    ],
                    "primary": {
                        "id": "subnet-0edefcdc9c8d4e20b",
                        "attributes": {
                            "arn": "arn:aws:ec2:ap-northeast-1:311178267809:subnet/subnet-0edefcdc9c8d4e20b",
                            "assign_ipv6_address_on_creation": "false",
                            "availability_zone": "ap-northeast-1a",
                            "availability_zone_id": "apne1-az4",
                            "cidr_block": "10.110.1.128/26",
                            "id": "subnet-0edefcdc9c8d4e20b",
                            "ipv6_cidr_block": "",
                            "ipv6_cidr_block_association_id": "",
                            "map_public_ip_on_launch": "false",
                            "owner_id": "311178267809",
                            "tags.%": "1",
                            "tags.Name": "public-az2",
                            "vpc_id": "vpc-0ba71a3b80f4abb42"
                        },
                        "meta": {
                            "e2bfb730-ecaa-11e6-8f88-34363bc7c4c0": {
                                "create": 600000000000,
                                "delete": 600000000000
                            },
                            "schema_version": "1"
                        },
                        "tainted": false
                    },
                    "deposed": [],
                    "provider": "provider.aws"
                },
                "aws_vpc.vpc": {
                    "type": "aws_vpc",
                    "depends_on": [
                        "local.prefix"
                    ],
                    "primary": {
                        "id": "vpc-0ba71a3b80f4abb42",
                        "attributes": {
                            "arn": "arn:aws:ec2:ap-northeast-1:311178267809:vpc/vpc-0ba71a3b80f4abb42",
                            "assign_generated_ipv6_cidr_block": "false",
                            "cidr_block": "10.110.0.0/16",
                            "default_network_acl_id": "acl-01e2e4c47b7258026",
                            "default_route_table_id": "rtb-0cace84645c132ffd",
                            "default_security_group_id": "sg-063cd245224f0b192",
                            "dhcp_options_id": "dopt-953d7df2",
                            "enable_classiclink": "false",
                            "enable_classiclink_dns_support": "false",
                            "enable_dns_hostnames": "false",
                            "enable_dns_support": "true",
                            "id": "vpc-0ba71a3b80f4abb42",
                            "instance_tenancy": "default",
                            "ipv6_association_id": "",
                            "ipv6_cidr_block": "",
                            "main_route_table_id": "rtb-0cace84645c132ffd",
                            "owner_id": "311178267809",
                            "tags.%": "1",
                            "tags.Name": "dev-ecs-vpc"
                        },
                        "meta": {
                            "schema_version": "1"
                        },
                        "tainted": false
                    },
                    "deposed": [],
                    "provider": "provider.aws"
                }
            },
            "depends_on": []
        }
    ]
}
